{
  "pins" : [
    {
      "identity" : "anycodable",
      "kind" : "remoteSourceControl",
      "location" : "https://github.com/Flight-School/AnyCodable",
      "state" : {
        "revision" : "f9fda69a7b704d46fb5123005f2f7e43dbb8a0fa",
        "version" : "0.6.5"
      }
    },
    {
      "identity" : "bigint",
      "kind" : "remoteSourceControl",
      "location" : "https://github.com/attaswift/BigInt",
      "state" : {
        "revision" : "0ed110f7555c34ff468e72e1686e59721f2b0da6",
        "version" : "5.3.0"
      }
    },
    {
      "identity" : "secp256k1",
      "kind" : "remoteSourceControl",
      "location" : "https://github.com/portto/secp256k1.git",
      "state" : {
        "revision" : "6864a2560066cedede330c4b344689432a7300f7",
        "version" : "0.0.5"
      }
    },
    {
      "identity" : "secp256k1.swift",
      "kind" : "remoteSourceControl",
      "location" : "https://github.com/portto/secp256k1.swift.git",
      "state" : {
        "revision" : "23aa6bab1f60e513297d0d58a863418f68534e56",
        "version" : "0.7.4"
      }
    }
  ],
  "version" : 2
}
